
Microsoft Visual Studio Solution File, Format Version 12.00
# Visual Studio 2013
VisualStudioVersion = 12.0.21005.1
MinimumVisualStudioVersion = 10.0.40219.1
Project("{FAE04EC0-301F-11D3-BF4B-00C04F79EFBC}") = "MinChatWeb", "MinChatWeb\MinChatWeb.csproj", "{C51E100B-C26F-4015-AA47-682F01C4418A}"
EndProject
Global
	GlobalSection(SolutionConfigurationPlatforms) = preSolution
		Debug|Any CPU = Debug|Any CPU
		Release|Any CPU = Release|Any CPU
	EndGlobalSection
	GlobalSection(ProjectConfigurationPlatforms) = postSolution
		{C51E100B-C26F-4015-AA47-682F01C4418A}.Debug|Any CPU.ActiveCfg = Debug|Any CPU
		{C51E100B-C26F-4015-AA47-682F01C4418A}.Debug|Any CPU.Build.0 = Debug|Any CPU
		{C51E100B-C26F-4015-AA47-682F01C4418A}.Release|Any CPU.ActiveCfg = Release|Any CPU
		{C51E100B-C26F-4015-AA47-682F01C4418A}.Release|Any CPU.Build.0 = Release|Any CPU
	EndGlobalSection
	GlobalSection(SolutionProperties) = preSolution
		HideSolutionNode = FALSE
	EndGlobalSection
EndGlobal
